
Microsoft Visual Studio Solution File, Format Version 12.00
# Visual Studio Version 17
VisualStudioVersion = 17.6.33829.357
MinimumVisualStudioVersion = 10.0.40219.1
Project("{FAE04EC0-301F-11D3-BF4B-00C04F79EFBC}") = "homework_1b", "homework_1b\homework_1b.csproj", "{88DAB890-64A4-4DFB-9738-9B650B3A39CB}"
EndProject
Global
	GlobalSection(SolutionConfigurationPlatforms) = preSolution
		Debug|Any CPU = Debug|Any CPU
		Release|Any CPU = Release|Any CPU
	EndGlobalSection
	GlobalSection(ProjectConfigurationPlatforms) = postSolution
		{88DAB890-64A4-4DFB-9738-9B650B3A39CB}.Debug|Any CPU.ActiveCfg = Debug|Any CPU
		{88DAB890-64A4-4DFB-9738-9B650B3A39CB}.Debug|Any CPU.Build.0 = Debug|Any CPU
		{88DAB890-64A4-4DFB-9738-9B650B3A39CB}.Release|Any CPU.ActiveCfg = Release|Any CPU
		{88DAB890-64A4-4DFB-9738-9B650B3A39CB}.Release|Any CPU.Build.0 = Release|Any CPU
	EndGlobalSection
	GlobalSection(SolutionProperties) = preSolution
		HideSolutionNode = FALSE
	EndGlobalSection
	GlobalSection(ExtensibilityGlobals) = postSolution
		SolutionGuid = {D0473008-0171-4C58-8252-A961A54ECB42}
	EndGlobalSection
EndGlobal
